{
    "name": "@emily/markdown-renderer",
    "version": "1.0.0",
    "lockfileVersion": 3,
    "requires": true,
    "packages": {
        "": {
            "name": "@emily/markdown-renderer",
            "license": "MIT",
            "dependencies": {
                "csso": "^5.0.5",
                "highlight.js": "^11.11.1",
                "marked": "^15.0.4",
                "marked-highlight": "^2.2.1"
            },
            "devDependencies": {
                "@types/csso": "^5.0.4",
                "@types/marked": "^5.0.0"
            }
        },
        "node_modules/@types/css-tree": {
            "version": "2.3.10",
            "resolved": "https://registry.npmjs.org/@types/css-tree/-/css-tree-2.3.10.tgz",
            "integrity": "sha512-WcaBazJ84RxABvRttQjjFWgTcHvZR9jGr0Y3hccPkHjFyk/a3N8EuxjKr+QfrwjoM5b1yI1Uj1i7EzOAAwBwag==",
            "dev": true,
            "license": "MIT"
        },
        "node_modules/@types/csso": {
            "version": "5.0.4",
            "resolved": "https://registry.npmjs.org/@types/csso/-/csso-5.0.4.tgz",
            "integrity": "sha512-W/FsRkm/9c04x9ON+bj+HQ0cSgNkG1LvcfuBCpkP7cpikM7+RkrNFLGtiofb++xBG6KGMUycLoDbi9/K621ZCw==",
            "dev": true,
            "license": "MIT",
            "dependencies": {
                "@types/css-tree": "*"
            }
        },
        "node_modules/@types/marked": {
            "version": "5.0.2",
            "resolved": "https://registry.npmjs.org/@types/marked/-/marked-5.0.2.tgz",
            "integrity": "sha512-OucS4KMHhFzhz27KxmWg7J+kIYqyqoW5kdIEI319hqARQQUTqhao3M/F+uFnDXD0Rg72iDDZxZNxq5gvctmLlg==",
            "dev": true,
            "license": "MIT"
        },
        "node_modules/css-tree": {
            "version": "2.2.1",
            "resolved": "https://registry.npmjs.org/css-tree/-/css-tree-2.2.1.tgz",
            "integrity": "sha512-OA0mILzGc1kCOCSJerOeqDxDQ4HOh+G8NbOJFOTgOCzpw7fCBubk0fEyxp8AgOL/jvLgYA/uV0cMbe43ElF1JA==",
            "license": "MIT",
            "dependencies": {
                "mdn-data": "2.0.28",
                "source-map-js": "^1.0.1"
            },
            "engines": {
                "node": "^10 || ^12.20.0 || ^14.13.0 || >=15.0.0",
                "npm": ">=7.0.0"
            }
        },
        "node_modules/csso": {
            "version": "5.0.5",
            "resolved": "https://registry.npmjs.org/csso/-/csso-5.0.5.tgz",
            "integrity": "sha512-0LrrStPOdJj+SPCCrGhzryycLjwcgUSHBtxNA8aIDxf0GLsRh1cKYhB00Gd1lDOS4yGH69+SNn13+TWbVHETFQ==",
            "license": "MIT",
            "dependencies": {
                "css-tree": "~2.2.0"
            },
            "engines": {
                "node": "^10 || ^12.20.0 || ^14.13.0 || >=15.0.0",
                "npm": ">=7.0.0"
            }
        },
        "node_modules/highlight.js": {
            "version": "11.11.1",
            "resolved": "https://registry.npmjs.org/highlight.js/-/highlight.js-11.11.1.tgz",
            "integrity": "sha512-Xwwo44whKBVCYoliBQwaPvtd/2tYFkRQtXDWj1nackaV2JPXx3L0+Jvd8/qCJ2p+ML0/XVkJ2q+Mr+UVdpJK5w==",
            "license": "BSD-3-Clause",
            "engines": {
                "node": ">=12.0.0"
            }
        },
        "node_modules/marked": {
            "version": "15.0.11",
            "resolved": "https://registry.npmjs.org/marked/-/marked-15.0.11.tgz",
            "integrity": "sha512-1BEXAU2euRCG3xwgLVT1y0xbJEld1XOrmRJpUwRCcy7rxhSCwMrmEu9LXoPhHSCJG41V7YcQ2mjKRr5BA3ITIA==",
            "license": "MIT",
            "bin": {
                "marked": "bin/marked.js"
            },
            "engines": {
                "node": ">= 18"
            }
        },
        "node_modules/marked-highlight": {
            "version": "2.2.1",
            "resolved": "https://registry.npmjs.org/marked-highlight/-/marked-highlight-2.2.1.tgz",
            "integrity": "sha512-SiCIeEiQbs9TxGwle9/OwbOejHCZsohQRaNTY2u8euEXYt2rYUFoiImUirThU3Gd/o6Q1gHGtH9qloHlbJpNIA==",
            "license": "MIT",
            "peerDependencies": {
                "marked": ">=4 <16"
            }
        },
        "node_modules/mdn-data": {
            "version": "2.0.28",
            "resolved": "https://registry.npmjs.org/mdn-data/-/mdn-data-2.0.28.tgz",
            "integrity": "sha512-aylIc7Z9y4yzHYAJNuESG3hfhC+0Ibp/MAMiaOZgNv4pmEdFyfZhhhny4MNiAfWdBQ1RQ2mfDWmM1x8SvGyp8g==",
            "license": "CC0-1.0"
        },
        "node_modules/source-map-js": {
            "version": "1.2.1",
            "resolved": "https://registry.npmjs.org/source-map-js/-/source-map-js-1.2.1.tgz",
            "integrity": "sha512-UXWMKhLOwVKb728IUtQPXxfYU+usdybtUrK/8uGE8CQMvrhOpwvzDBwj0QhSL7MQc7vIsISBG8VQ8+IDQxpfQA==",
            "license": "BSD-3-Clause",
            "engines": {
                "node": ">=0.10.0"
            }
        }
    }
}
